// !$*UTF8*$!
{
	archiveVersion = 1;
	classes = {
	};
	objectVersion = 48;
	objects = {

/* Begin PBXBuildFile section */
		D3AECCCD1FD4EDE70089A15A /* main.cpp in Sources */ = {isa = PBXBuildFile; fileRef = D3AECCCC1FD4EDE70089A15A /* main.cpp */; };
/* End PBXBuildFile section */

/* Begin PBXCopyFilesBuildPhase section */
		D3AECCC71FD4EDE70089A15A /* CopyFiles */ = {
			isa = PBXCopyFilesBuildPhase;
			buildActionMask = 2147483647;
			dstPath = /usr/share/man/man1/;
			dstSubfolderSpec = 0;
			files = (
			);
			runOnlyForDeploymentPostprocessing = 1;
		};
/* End PBXCopyFilesBuildPhase section */

/* Begin PBXFileReference section */
		D3AECCC91FD4EDE70089A15A /* 31__整数中1出现的次数(从1到n整数中1出现的次数) */ = {isa = PBXFileReference; explicitFileType = "compiled.mach-o.executable"; includeInIndex = 0; path = "31__整数中1出现的次数(从1到n整数中1出现的次数)"; sourceTree = BUILT_PRODUCTS_DIR; };
		D3AECCCC1FD4EDE70089A15A /* main.cpp */ = {isa = PBXFileReference; lastKnownFileType = sourcecode.cpp.cpp; path = main.cpp; sourceTree = "<group>"; };
		D3AECCD31FD524500089A15A /* 个位.png */ = {isa = PBXFileReference; lastKnownFileType = image.png; path = "个位.png"; sourceTree = "<group>"; };
		D3AECCD41FD524500089A15A /* 十位.png */ = {isa = PBXFileReference; lastKnownFileType = image.png; path = "十位.png"; sourceTree = "<group>"; };
/* End PBXFileReference section */

/* Begin PBXFrameworksBuildPhase section */
		D3AECCC61FD4EDE70089A15A /* Frameworks */ = {
			isa = PBXFrameworksBuildPhase;
			buildActionMask = 2147483647;
			files = (
			);
			runOnlyForDeploymentPostprocessing = 0;
		};
/* End PBXFrameworksBuildPhase section */

/* Begin PBXGroup section */
		D3AECCC01FD4EDE70089A15A = {
			isa = PBXGroup;
			children = (
				D3AECCCB1FD4EDE70089A15A /* 31__整数中1出现的次数(从1到n整数中1出现的次数) */,
				D3AECCCA1FD4EDE70089A15A /* Products */,
			);
			sourceTree = "<group>";
		};
		D3AECCCA1FD4EDE70089A15A /* Products */ = {
			isa = PBXGroup;
			children = (
				D3AECCC91FD4EDE70089A15A /* 31__整数中1出现的次数(从1到n整数中1出现的次数) */,
			);
			name = Products;
			sourceTree = "<group>";
		};
		D3AECCCB1FD4EDE70089A15A /* 31__整数中1出现的次数(从1到n整数中1出现的次数) */ = {
			isa = PBXGroup;
			children = (
				D3AECCCC1FD4EDE70089A15A /* main.cpp */,
				D3AECCD31FD524500089A15A /* 个位.png */,
				D3AECCD41FD524500089A15A /* 十位.png */,
			);
			path = "31__整数中1出现的次数(从1到n整数中1出现的次数)";
			sourceTree = "<group>";
		};
/* End PBXGroup section */

/* Begin PBXNativeTarget section */
		D3AECCC81FD4EDE70089A15A /* 31__整数中1出现的次数(从1到n整数中1出现的次数) */ = {
			isa = PBXNativeTarget;
			buildConfigurationList = D3AECCD01FD4EDE70089A15A /* Build configuration list for PBXNativeTarget "31__整数中1出现的次数(从1到n整数中1出现的次数)" */;
			buildPhases = (
				D3AECCC51FD4EDE70089A15A /* Sources */,
				D3AECCC61FD4EDE70089A15A /* Frameworks */,
				D3AECCC71FD4EDE70089A15A /* CopyFiles */,
			);
			buildRules = (
			);
			dependencies = (
			);
			name = "31__整数中1出现的次数(从1到n整数中1出现的次数)";
			productName = "31__整数中1出现的次数(从1到n整数中1出现的次数)";
			productReference = D3AECCC91FD4EDE70089A15A /* 31__整数中1出现的次数(从1到n整数中1出现的次数) */;
			productType = "com.apple.product-type.tool";
		};
/* End PBXNativeTarget section */

/* Begin PBXProject section */
		D3AECCC11FD4EDE70089A15A /* Project object */ = {
			isa = PBXProject;
			attributes = {
				LastUpgradeCheck = 0910;
				ORGANIZATIONNAME = longpf;
				TargetAttributes = {
					D3AECCC81FD4EDE70089A15A = {
						CreatedOnToolsVersion = 9.1;
						ProvisioningStyle = Automatic;
					};
				};
			};
			buildConfigurationList = D3AECCC41FD4EDE70089A15A /* Build configuration list for PBXProject "31__整数中1出现的次数(从1到n整数中1出现的次数)" */;
			compatibilityVersion = "Xcode 8.0";
			developmentRegion = en;
			hasScannedForEncodings = 0;
			knownRegions = (
				en,
			);
			mainGroup = D3AECCC01FD4EDE70089A15A;
			productRefGroup = D3AECCCA1FD4EDE70089A15A /* Products */;
			projectDirPath = "";
			projectRoot = "";
			targets = (
				D3AECCC81FD4EDE70089A15A /* 31__整数中1出现的次数(从1到n整数中1出现的次数) */,
			);
		};
/* End PBXProject section */

/* Begin PBXSourcesBuildPhase section */
		D3AECCC51FD4EDE70089A15A /* Sources */ = {
			isa = PBXSourcesBuildPhase;
			buildActionMask = 2147483647;
			files = (
				D3AECCCD1FD4EDE70089A15A /* main.cpp in Sources */,
			);
			runOnlyForDeploymentPostprocessing = 0;
		};
/* End PBXSourcesBuildPhase section */

/* Begin XCBuildConfiguration section */
		D3AECCCE1FD4EDE70089A15A /* Debug */ = {
			isa = XCBuildConfiguration;
			buildSettings = {
				ALWAYS_SEARCH_USER_PATHS = NO;
				CLANG_ANALYZER_NONNULL = YES;
				CLANG_ANALYZER_NUMBER_OBJECT_CONVERSION = YES_AGGRESSIVE;
				CLANG_CXX_LANGUAGE_STANDARD = "gnu++14";
				CLANG_CXX_LIBRARY = "libc++";
				CLANG_ENABLE_MODULES = YES;
				CLANG_ENABLE_OBJC_ARC = YES;
				CLANG_WARN_BLOCK_CAPTURE_AUTORELEASING = YES;
				CLANG_WARN_BOOL_CONVERSION = YES;
				CLANG_WARN_COMMA = YES;
				CLANG_WARN_CONSTANT_CONVERSION = YES;
				CLANG_WARN_DIRECT_OBJC_ISA_USAGE = YES_ERROR;
				CLANG_WARN_DOCUMENTATION_COMMENTS = YES;
				CLANG_WARN_EMPTY_BODY = YES;
				CLANG_WARN_ENUM_CONVERSION = YES;
				CLANG_WARN_INFINITE_RECURSION = YES;
				CLANG_WARN_INT_CONVERSION = YES;
				CLANG_WARN_NON_LITERAL_NULL_CONVERSION = YES;
				CLANG_WARN_OBJC_LITERAL_CONVERSION = YES;
				CLANG_WARN_OBJC_ROOT_CLASS = YES_ERROR;
				CLANG_WARN_RANGE_LOOP_ANALYSIS = YES;
				CLANG_WARN_STRICT_PROTOTYPES = YES;
				CLANG_WARN_SUSPICIOUS_MOVE = YES;
				CLANG_WARN_UNGUARDED_AVAILABILITY = YES_AGGRESSIVE;
				CLANG_WARN_UNREACHABLE_CODE = YES;
				CLANG_WARN__DUPLICATE_METHOD_MATCH = YES;
				CODE_SIGN_IDENTITY = "-";
				COPY_PHASE_STRIP = NO;
				DEBUG_INFORMATION_FORMAT = dwarf;
				ENABLE_STRICT_OBJC_MSGSEND = YES;
				ENABLE_TESTABILITY = YES;
				GCC_C_LANGUAGE_STANDARD = gnu11;
				GCC_DYNAMIC_NO_PIC = NO;
				GCC_NO_COMMON_BLOCKS = YES;
				GCC_OPTIMIZATION_LEVEL = 0;
				GCC_PREPROCESSOR_DEFINITIONS = (
					"DEBUG=1",
					"$(inherited)",
				);
				GCC_WARN_64_TO_32_BIT_CONVERSION = YES;
				GCC_WARN_ABOUT_RETURN_TYPE = YES_ERROR;
				GCC_WARN_UNDECLARED_SELECTOR = YES;
				GCC_WARN_UNINITIALIZED_AUTOS = YES_AGGRESSIVE;
				GCC_WARN_UNUSED_FUNCTION = YES;
				GCC_WARN_UNUSED_VARIABLE = YES;
				MACOSX_DEPLOYMENT_TARGET = 10.12;
				MTL_ENABLE_DEBUG_INFO = YES;
				ONLY_ACTIVE_ARCH = YES;
				SDKROOT = macosx;
			};
			name = Debug;
		};
		D3AECCCF1FD4EDE70089A15A /* Release */ = {
			isa = XCBuildConfiguration;
			buildSettings = {
				ALWAYS_SEARCH_USER_PATHS = NO;
				CLANG_ANALYZER_NONNULL = YES;
				CLANG_ANALYZER_NUMBER_OBJECT_CONVERSION = YES_AGGRESSIVE;
				CLANG_CXX_LANGUAGE_STANDARD = "gnu++14";
				CLANG_CXX_LIBRARY = "libc++";
				CLANG_ENABLE_MODULES = YES;
				CLANG_ENABLE_OBJC_ARC = YES;
				CLANG_WARN_BLOCK_CAPTURE_AUTORELEASING = YES;
				CLANG_WARN_BOOL_CONVERSION = YES;
				CLANG_WARN_COMMA = YES;
				CLANG_WARN_CONSTANT_CONVERSION = YES;
				CLANG_WARN_DIRECT_OBJC_ISA_USAGE = YES_ERROR;
				CLANG_WARN_DOCUMENTATION_COMMENTS = YES;
				CLANG_WARN_EMPTY_BODY = YES;
				CLANG_WARN_ENUM_CONVERSION = YES;
				CLANG_WARN_INFINITE_RECURSION = YES;
				CLANG_WARN_INT_CONVERSION = YES;
				CLANG_WARN_NON_LITERAL_NULL_CONVERSION = YES;
				CLANG_WARN_OBJC_LITERAL_CONVERSION = YES;
				CLANG_WARN_OBJC_ROOT_CLASS = YES_ERROR;
				CLANG_WARN_RANGE_LOOP_ANALYSIS = YES;
				CLANG_WARN_STRICT_PROTOTYPES = YES;
				CLANG_WARN_SUSPICIOUS_MOVE = YES;
				CLANG_WARN_UNGUARDED_AVAILABILITY = YES_AGGRESSIVE;
				CLANG_WARN_UNREACHABLE_CODE = YES;
				CLANG_WARN__DUPLICATE_METHOD_MATCH = YES;
				CODE_SIGN_IDENTITY = "-";
				COPY_PHASE_STRIP = NO;
				DEBUG_INFORMATION_FORMAT = "dwarf-with-dsym";
				ENABLE_NS_ASSERTIONS = NO;
				ENABLE_STRICT_OBJC_MSGSEND = YES;
				GCC_C_LANGUAGE_STANDARD = gnu11;
				GCC_NO_COMMON_BLOCKS = YES;
				GCC_WARN_64_TO_32_BIT_CONVERSION = YES;
				GCC_WARN_ABOUT_RETURN_TYPE = YES_ERROR;
				GCC_WARN_UNDECLARED_SELECTOR = YES;
				GCC_WARN_UNINITIALIZED_AUTOS = YES_AGGRESSIVE;
				GCC_WARN_UNUSED_FUNCTION = YES;
				GCC_WARN_UNUSED_VARIABLE = YES;
				MACOSX_DEPLOYMENT_TARGET = 10.12;
				MTL_ENABLE_DEBUG_INFO = NO;
				SDKROOT = macosx;
			};
			name = Release;
		};
		D3AECCD11FD4EDE70089A15A /* Debug */ = {
			isa = XCBuildConfiguration;
			buildSettings = {
				CODE_SIGN_STYLE = Automatic;
				PRODUCT_NAME = "$(TARGET_NAME)";
			};
			name = Debug;
		};
		D3AECCD21FD4EDE70089A15A /* Release */ = {
			isa = XCBuildConfiguration;
			buildSettings = {
				CODE_SIGN_STYLE = Automatic;
				PRODUCT_NAME = "$(TARGET_NAME)";
			};
			name = Release;
		};
/* End XCBuildConfiguration section */

/* Begin XCConfigurationList section */
		D3AECCC41FD4EDE70089A15A /* Build configuration list for PBXProject "31__整数中1出现的次数(从1到n整数中1出现的次数)" */ = {
			isa = XCConfigurationList;
			buildConfigurations = (
				D3AECCCE1FD4EDE70089A15A /* Debug */,
				D3AECCCF1FD4EDE70089A15A /* Release */,
			);
			defaultConfigurationIsVisible = 0;
			defaultConfigurationName = Release;
		};
		D3AECCD01FD4EDE70089A15A /* Build configuration list for PBXNativeTarget "31__整数中1出现的次数(从1到n整数中1出现的次数)" */ = {
			isa = XCConfigurationList;
			buildConfigurations = (
				D3AECCD11FD4EDE70089A15A /* Debug */,
				D3AECCD21FD4EDE70089A15A /* Release */,
			);
			defaultConfigurationIsVisible = 0;
			defaultConfigurationName = Release;
		};
/* End XCConfigurationList section */
	};
	rootObject = D3AECCC11FD4EDE70089A15A /* Project object */;
}
